
Microsoft Visual Studio Solution File, Format Version 12.00
# Visual Studio Version 17
VisualStudioVersion = 17.1.32228.430
MinimumVisualStudioVersion = 10.0.40219.1
Project("{FAE04EC0-301F-11D3-BF4B-00C04F79EFBC}") = "MovieTicketBookingSystem_V3", "MovieTicketBookingSystem_V3\MovieTicketBookingSystem_V3.csproj", "{4B397C5A-001B-494A-8C97-CAFA2DA5B07E}"
EndProject
Global
	GlobalSection(SolutionConfigurationPlatforms) = preSolution
		Debug|Any CPU = Debug|Any CPU
		Release|Any CPU = Release|Any CPU
	EndGlobalSection
	GlobalSection(ProjectConfigurationPlatforms) = postSolution
		{4B397C5A-001B-494A-8C97-CAFA2DA5B07E}.Debug|Any CPU.ActiveCfg = Debug|Any CPU
		{4B397C5A-001B-494A-8C97-CAFA2DA5B07E}.Debug|Any CPU.Build.0 = Debug|Any CPU
		{4B397C5A-001B-494A-8C97-CAFA2DA5B07E}.Release|Any CPU.ActiveCfg = Release|Any CPU
		{4B397C5A-001B-494A-8C97-CAFA2DA5B07E}.Release|Any CPU.Build.0 = Release|Any CPU
	EndGlobalSection
	GlobalSection(SolutionProperties) = preSolution
		HideSolutionNode = FALSE
	EndGlobalSection
	GlobalSection(ExtensibilityGlobals) = postSolution
		SolutionGuid = {059677E9-7441-438D-A3E3-86A91186F2B3}
	EndGlobalSection
EndGlobal
